{
  "name": "caps",
  "version": "1.0.0",
  "lockfileVersion": 1,
  "requires": true,
  "dependencies": {
    "dotenv": {
      "version": "8.2.0",
      "resolved": "https://registry.npmjs.org/dotenv/-/dotenv-8.2.0.tgz",
      "integrity": "sha512-8sJ78ElpbDJBHNeBzUbUVLsqKdccaa/BXF1uPTw3GrvQTBgrQrtObr2mUrE38vzYd8cEv+m/JBfDLioYcfXoaw=="
    },
    "net": {
      "version": "1.0.2",
      "resolved": "https://registry.npmjs.org/net/-/net-1.0.2.tgz",
      "integrity": "sha1-0XV+yaf7I3HYPPR1XOPifhCCk4g="
    },
    "uuid": {
      "version": "8.2.0",
      "resolved": "https://registry.npmjs.org/uuid/-/uuid-8.2.0.tgz",
      "integrity": "sha512-CYpGiFTUrmI6OBMkAdjSDM0k5h8SkkiTP4WAjQgDgNB1S3Ou9VBEvr6q0Kv2H1mMk7IWfxYGpMH5sd5AvcIV2Q=="
    }
  }
}
